
Microsoft Visual Studio Solution File, Format Version 12.00
# Visual Studio 15
Project("{FAE04EC0-301F-11D3-BF4B-00C04F79EFBC}") = "Assembly-CSharp", "Assembly-CSharp.csproj", "{281761A7-EE73-6BB7-35B8-DFCE8D1DDEF1}"
EndProject
Project("{FAE04EC0-301F-11D3-BF4B-00C04F79EFBC}") = "Assembly-CSharp-Editor", "Assembly-CSharp-Editor.csproj", "{C32E5B67-3C37-E436-8A4C-64C2A7F6D409}"
EndProject
Global
	GlobalSection(SolutionConfigurationPlatforms) = preSolution
		Debug|Any CPU = Debug|Any CPU
		Release|Any CPU = Release|Any CPU
	EndGlobalSection
	GlobalSection(ProjectConfigurationPlatforms) = postSolution
		{281761A7-EE73-6BB7-35B8-DFCE8D1DDEF1}.Debug|Any CPU.ActiveCfg = Debug|Any CPU
		{281761A7-EE73-6BB7-35B8-DFCE8D1DDEF1}.Debug|Any CPU.Build.0 = Debug|Any CPU
		{281761A7-EE73-6BB7-35B8-DFCE8D1DDEF1}.Release|Any CPU.ActiveCfg = Release|Any CPU
		{281761A7-EE73-6BB7-35B8-DFCE8D1DDEF1}.Release|Any CPU.Build.0 = Release|Any CPU
		{C32E5B67-3C37-E436-8A4C-64C2A7F6D409}.Debug|Any CPU.ActiveCfg = Debug|Any CPU
		{C32E5B67-3C37-E436-8A4C-64C2A7F6D409}.Debug|Any CPU.Build.0 = Debug|Any CPU
		{C32E5B67-3C37-E436-8A4C-64C2A7F6D409}.Release|Any CPU.ActiveCfg = Release|Any CPU
		{C32E5B67-3C37-E436-8A4C-64C2A7F6D409}.Release|Any CPU.Build.0 = Release|Any CPU
	EndGlobalSection
	GlobalSection(SolutionProperties) = preSolution
		HideSolutionNode = FALSE
	EndGlobalSection
EndGlobal
